data/data_filtered_fastq/CAMDA20_MetaSUB_CSD16_BCN_001_1.counts
data/data_filtered_fastq/CAMDA20_MetaSUB_CSD16_BCN_020_1.counts
data/data_filtered_fastq/CAMDA20_MetaSUB_CSD16_BCN_001_2.counts
data/data_filtered_fastq/CAMDA20_MetaSUB_CSD16_BCN_020_2.counts
data/data_filtered_fastq/CAMDA20_MetaSUB_CSD16_BCN_002_1.counts
data/data_filtered_fastq/CAMDA20_MetaSUB_CSD16_BCN_021_1.counts
data/data_filtered_fastq/CAMDA20_MetaSUB_CSD16_BCN_002_2.counts
data/data_filtered_fastq/CAMDA20_MetaSUB_CSD16_BCN_021_2.counts
data/data_filtered_fastq/CAMDA20_MetaSUB_CSD16_BCN_003_1.counts
data/data_filtered_fastq/CAMDA20_MetaSUB_CSD16_BCN_022_1.counts
data/data_filtered_fastq/CAMDA20_MetaSUB_CSD16_BCN_003_2.counts
data/data_filtered_fastq/CAMDA20_MetaSUB_CSD16_BCN_022_2.counts
data/data_filtered_fastq/CAMDA20_MetaSUB_CSD16_BCN_004_1.counts
data/data_filtered_fastq/CAMDA20_MetaSUB_CSD16_BCN_023_1.counts
data/data_filtered_fastq/CAMDA20_MetaSUB_CSD16_BCN_004_2.counts
data/data_filtered_fastq/CAMDA20_MetaSUB_CSD16_BCN_023_2.counts
data/data_filtered_fastq/CAMDA20_MetaSUB_CSD16_BCN_005_1.counts
data/data_filtered_fastq/CAMDA20_MetaSUB_CSD16_BCN_024_1.counts
data/data_filtered_fastq/CAMDA20_MetaSUB_CSD16_BCN_005_2.counts
data/data_filtered_fastq/CAMDA20_MetaSUB_CSD16_BCN_024_2.counts
data/data_filtered_fastq/CAMDA20_MetaSUB_CSD16_BCN_006_1.counts
data/data_filtered_fastq/CAMDA20_MetaSUB_CSD16_BCN_025_1.counts
data/data_filtered_fastq/CAMDA20_MetaSUB_CSD16_BCN_006_2.counts
data/data_filtered_fastq/CAMDA20_MetaSUB_CSD16_BCN_025_2.counts
data/data_filtered_fastq/CAMDA20_MetaSUB_CSD16_BCN_007_1.counts
data/data_filtered_fastq/CAMDA20_MetaSUB_CSD16_BCN_026_1.counts
data/data_filtered_fastq/CAMDA20_MetaSUB_CSD16_BCN_007_2.counts
data/data_filtered_fastq/CAMDA20_MetaSUB_CSD16_BCN_026_2.counts
data/data_filtered_fastq/CAMDA20_MetaSUB_CSD16_BCN_008_1.counts
data/data_filtered_fastq/CAMDA20_MetaSUB_CSD16_BCN_027_1.counts
data/data_filtered_fastq/CAMDA20_MetaSUB_CSD16_BCN_008_2.counts
data/data_filtered_fastq/CAMDA20_MetaSUB_CSD16_BCN_027_2.counts
data/data_filtered_fastq/CAMDA20_MetaSUB_CSD16_BCN_009_1.counts
data/data_filtered_fastq/CAMDA20_MetaSUB_CSD16_BCN_028_1.counts
data/data_filtered_fastq/CAMDA20_MetaSUB_CSD16_BCN_009_2.counts
data/data_filtered_fastq/CAMDA20_MetaSUB_CSD16_BCN_028_2.counts
data/data_filtered_fastq/CAMDA20_MetaSUB_CSD16_BCN_010_1.counts
data/data_filtered_fastq/CAMDA20_MetaSUB_CSD16_BCN_029_1.counts
data/data_filtered_fastq/CAMDA20_MetaSUB_CSD16_BCN_010_2.counts
data/data_filtered_fastq/CAMDA20_MetaSUB_CSD16_BCN_029_2.counts
data/data_filtered_fastq/CAMDA20_MetaSUB_CSD16_BCN_011_1.counts
data/data_filtered_fastq/CAMDA20_MetaSUB_CSD16_BCN_030_1.counts
data/data_filtered_fastq/CAMDA20_MetaSUB_CSD16_BCN_011_2.counts
data/data_filtered_fastq/CAMDA20_MetaSUB_CSD16_BCN_030_2.counts
data/data_filtered_fastq/CAMDA20_MetaSUB_CSD16_BCN_012_1.counts
data/data_filtered_fastq/CAMDA20_MetaSUB_CSD16_BCN_031_1.counts
data/data_filtered_fastq/CAMDA20_MetaSUB_CSD16_BCN_012_2.counts
data/data_filtered_fastq/CAMDA20_MetaSUB_CSD16_BCN_031_2.counts
data/data_filtered_fastq/CAMDA20_MetaSUB_CSD16_BCN_013_1.counts
data/data_filtered_fastq/CAMDA20_MetaSUB_CSD16_BCN_032_1.counts
data/data_filtered_fastq/CAMDA20_MetaSUB_CSD16_BCN_013_2.counts
data/data_filtered_fastq/CAMDA20_MetaSUB_CSD16_BCN_032_2.counts
data/data_filtered_fastq/CAMDA20_MetaSUB_CSD16_BCN_014_1.counts
data/data_filtered_fastq/CAMDA20_MetaSUB_CSD16_BCN_033_1.counts
data/data_filtered_fastq/CAMDA20_MetaSUB_CSD16_BCN_014_2.counts
data/data_filtered_fastq/CAMDA20_MetaSUB_CSD16_BCN_033_2.counts
data/data_filtered_fastq/CAMDA20_MetaSUB_CSD16_BCN_015_1.counts
data/data_filtered_fastq/CAMDA20_MetaSUB_CSD16_BCN_034_1.counts
data/data_filtered_fastq/CAMDA20_MetaSUB_CSD16_BCN_015_2.counts
data/data_filtered_fastq/CAMDA20_MetaSUB_CSD16_BCN_034_2.counts
data/data_filtered_fastq/CAMDA20_MetaSUB_CSD16_BCN_016_1.counts
data/data_filtered_fastq/CAMDA20_MetaSUB_CSD16_BCN_035_1.counts
data/data_filtered_fastq/CAMDA20_MetaSUB_CSD16_BCN_016_2.counts
data/data_filtered_fastq/CAMDA20_MetaSUB_CSD16_BCN_035_2.counts
data/data_filtered_fastq/CAMDA20_MetaSUB_CSD16_BCN_017_1.counts
data/data_filtered_fastq/CAMDA20_MetaSUB_CSD16_BCN_036_1.counts
data/data_filtered_fastq/CAMDA20_MetaSUB_CSD16_BCN_017_2.counts
data/data_filtered_fastq/CAMDA20_MetaSUB_CSD16_BCN_036_2.counts
data/data_filtered_fastq/CAMDA20_MetaSUB_CSD16_BCN_018_1.counts
data/data_filtered_fastq/CAMDA20_MetaSUB_CSD16_BCN_037_1.counts
data/data_filtered_fastq/CAMDA20_MetaSUB_CSD16_BCN_018_2.counts
data/data_filtered_fastq/CAMDA20_MetaSUB_CSD16_BCN_037_2.counts
data/data_filtered_fastq/CAMDA20_MetaSUB_CSD16_BCN_019_1.counts
data/data_filtered_fastq/CAMDA20_MetaSUB_CSD16_BCN_038_1.counts
data/data_filtered_fastq/CAMDA20_MetaSUB_CSD16_BCN_019_2.counts
data/data_filtered_fastq/CAMDA20_MetaSUB_CSD16_BCN_038_2.counts
data/data_filtered_fastq/CAMDA20_MetaSUB_CSD16_BER_014_1.counts
data/data_filtered_fastq/CAMDA20_MetaSUB_CSD16_BER_028_1.counts
data/data_filtered_fastq/CAMDA20_MetaSUB_CSD16_BER_014_2.counts
data/data_filtered_fastq/CAMDA20_MetaSUB_CSD16_BER_028_2.counts
data/data_filtered_fastq/CAMDA20_MetaSUB_CSD16_BER_001_1.counts
data/data_filtered_fastq/CAMDA20_MetaSUB_CSD16_BER_015_1.counts
data/data_filtered_fastq/CAMDA20_MetaSUB_CSD16_BER_029_1.counts
data/data_filtered_fastq/CAMDA20_MetaSUB_CSD16_BER_001_2.counts
data/data_filtered_fastq/CAMDA20_MetaSUB_CSD16_BER_015_2.counts
data/data_filtered_fastq/CAMDA20_MetaSUB_CSD16_BER_029_2.counts
data/data_filtered_fastq/CAMDA20_MetaSUB_CSD16_BER_002_1.counts
data/data_filtered_fastq/CAMDA20_MetaSUB_CSD16_BER_016_1.counts
data/data_filtered_fastq/CAMDA20_MetaSUB_CSD16_BER_030_1.counts
data/data_filtered_fastq/CAMDA20_MetaSUB_CSD16_BER_002_2.counts
data/data_filtered_fastq/CAMDA20_MetaSUB_CSD16_BER_016_2.counts
data/data_filtered_fastq/CAMDA20_MetaSUB_CSD16_BER_030_2.counts
data/data_filtered_fastq/CAMDA20_MetaSUB_CSD16_BER_003_1.counts
data/data_filtered_fastq/CAMDA20_MetaSUB_CSD16_BER_017_1.counts
data/data_filtered_fastq/CAMDA20_MetaSUB_CSD16_BER_031_1.counts
data/data_filtered_fastq/CAMDA20_MetaSUB_CSD16_BER_003_2.counts
data/data_filtered_fastq/CAMDA20_MetaSUB_CSD16_BER_017_2.counts
data/data_filtered_fastq/CAMDA20_MetaSUB_CSD16_BER_031_2.counts
data/data_filtered_fastq/CAMDA20_MetaSUB_CSD16_BER_004_1.counts
data/data_filtered_fastq/CAMDA20_MetaSUB_CSD16_BER_018_1.counts
data/data_filtered_fastq/CAMDA20_MetaSUB_CSD16_BER_032_1.counts
data/data_filtered_fastq/CAMDA20_MetaSUB_CSD16_BER_004_2.counts
data/data_filtered_fastq/CAMDA20_MetaSUB_CSD16_BER_018_2.counts
data/data_filtered_fastq/CAMDA20_MetaSUB_CSD16_BER_032_2.counts
data/data_filtered_fastq/CAMDA20_MetaSUB_CSD16_BER_005_1.counts
data/data_filtered_fastq/CAMDA20_MetaSUB_CSD16_BER_019_1.counts
data/data_filtered_fastq/CAMDA20_MetaSUB_CSD16_BER_033_1.counts
data/data_filtered_fastq/CAMDA20_MetaSUB_CSD16_BER_005_2.counts
data/data_filtered_fastq/CAMDA20_MetaSUB_CSD16_BER_019_2.counts
data/data_filtered_fastq/CAMDA20_MetaSUB_CSD16_BER_033_2.counts
data/data_filtered_fastq/CAMDA20_MetaSUB_CSD16_BER_006_1.counts
data/data_filtered_fastq/CAMDA20_MetaSUB_CSD16_BER_020_1.counts
data/data_filtered_fastq/CAMDA20_MetaSUB_CSD16_BER_034_1.counts
data/data_filtered_fastq/CAMDA20_MetaSUB_CSD16_BER_006_2.counts
data/data_filtered_fastq/CAMDA20_MetaSUB_CSD16_BER_020_2.counts
data/data_filtered_fastq/CAMDA20_MetaSUB_CSD16_BER_034_2.counts
data/data_filtered_fastq/CAMDA20_MetaSUB_CSD16_BER_007_1.counts
data/data_filtered_fastq/CAMDA20_MetaSUB_CSD16_BER_021_1.counts
data/data_filtered_fastq/CAMDA20_MetaSUB_CSD16_BER_035_1.counts
data/data_filtered_fastq/CAMDA20_MetaSUB_CSD16_BER_007_2.counts
data/data_filtered_fastq/CAMDA20_MetaSUB_CSD16_BER_021_2.counts
data/data_filtered_fastq/CAMDA20_MetaSUB_CSD16_BER_035_2.counts
data/data_filtered_fastq/CAMDA20_MetaSUB_CSD16_BER_008_1.counts
data/data_filtered_fastq/CAMDA20_MetaSUB_CSD16_BER_022_1.counts
data/data_filtered_fastq/CAMDA20_MetaSUB_CSD16_BER_036_1.counts
data/data_filtered_fastq/CAMDA20_MetaSUB_CSD16_BER_008_2.counts
data/data_filtered_fastq/CAMDA20_MetaSUB_CSD16_BER_022_2.counts
data/data_filtered_fastq/CAMDA20_MetaSUB_CSD16_BER_036_2.counts
data/data_filtered_fastq/CAMDA20_MetaSUB_CSD16_BER_009_1.counts
data/data_filtered_fastq/CAMDA20_MetaSUB_CSD16_BER_023_1.counts
data/data_filtered_fastq/CAMDA20_MetaSUB_CSD16_BER_037_1.counts
data/data_filtered_fastq/CAMDA20_MetaSUB_CSD16_BER_009_2.counts
data/data_filtered_fastq/CAMDA20_MetaSUB_CSD16_BER_023_2.counts
data/data_filtered_fastq/CAMDA20_MetaSUB_CSD16_BER_037_2.counts
data/data_filtered_fastq/CAMDA20_MetaSUB_CSD16_BER_010_1.counts
data/data_filtered_fastq/CAMDA20_MetaSUB_CSD16_BER_024_1.counts
data/data_filtered_fastq/CAMDA20_MetaSUB_CSD16_BER_038_1.counts
data/data_filtered_fastq/CAMDA20_MetaSUB_CSD16_BER_010_2.counts
data/data_filtered_fastq/CAMDA20_MetaSUB_CSD16_BER_024_2.counts
data/data_filtered_fastq/CAMDA20_MetaSUB_CSD16_BER_038_2.counts
data/data_filtered_fastq/CAMDA20_MetaSUB_CSD16_BER_011_1.counts
data/data_filtered_fastq/CAMDA20_MetaSUB_CSD16_BER_025_1.counts
data/data_filtered_fastq/CAMDA20_MetaSUB_CSD16_BER_039_1.counts
data/data_filtered_fastq/CAMDA20_MetaSUB_CSD16_BER_011_2.counts
data/data_filtered_fastq/CAMDA20_MetaSUB_CSD16_BER_025_2.counts
data/data_filtered_fastq/CAMDA20_MetaSUB_CSD16_BER_039_2.counts
data/data_filtered_fastq/CAMDA20_MetaSUB_CSD16_BER_012_1.counts
data/data_filtered_fastq/CAMDA20_MetaSUB_CSD16_BER_026_1.counts
data/data_filtered_fastq/CAMDA20_MetaSUB_CSD16_BER_040_1.counts
data/data_filtered_fastq/CAMDA20_MetaSUB_CSD16_BER_012_2.counts
data/data_filtered_fastq/CAMDA20_MetaSUB_CSD16_BER_026_2.counts
data/data_filtered_fastq/CAMDA20_MetaSUB_CSD16_BER_040_2.counts
data/data_filtered_fastq/CAMDA20_MetaSUB_CSD16_BER_013_1.counts
data/data_filtered_fastq/CAMDA20_MetaSUB_CSD16_BER_027_1.counts
data/data_filtered_fastq/CAMDA20_MetaSUB_CSD16_BER_041_1.counts
data/data_filtered_fastq/CAMDA20_MetaSUB_CSD16_BER_013_2.counts
data/data_filtered_fastq/CAMDA20_MetaSUB_CSD16_BER_027_2.counts
data/data_filtered_fastq/CAMDA20_MetaSUB_CSD16_BER_041_2.counts
data/kmer_counts/CAMDA20_MetaSUB_CSD16_BCN_001_1.jf
data/kmer_counts/CAMDA20_MetaSUB_CSD16_BCN_020_1.jf
data/kmer_counts/CAMDA20_MetaSUB_CSD16_BCN_001_2.jf
data/kmer_counts/CAMDA20_MetaSUB_CSD16_BCN_020_2.jf
data/kmer_counts/CAMDA20_MetaSUB_CSD16_BCN_002_1.jf
data/kmer_counts/CAMDA20_MetaSUB_CSD16_BCN_021_1.jf
data/kmer_counts/CAMDA20_MetaSUB_CSD16_BCN_002_2.jf
data/kmer_counts/CAMDA20_MetaSUB_CSD16_BCN_021_2.jf
data/kmer_counts/CAMDA20_MetaSUB_CSD16_BCN_003_1.jf
data/kmer_counts/CAMDA20_MetaSUB_CSD16_BCN_022_1.jf
data/kmer_counts/CAMDA20_MetaSUB_CSD16_BCN_003_2.jf
data/kmer_counts/CAMDA20_MetaSUB_CSD16_BCN_022_2.jf
data/kmer_counts/CAMDA20_MetaSUB_CSD16_BCN_004_1.jf
data/kmer_counts/CAMDA20_MetaSUB_CSD16_BCN_023_1.jf
data/kmer_counts/CAMDA20_MetaSUB_CSD16_BCN_004_2.jf
data/kmer_counts/CAMDA20_MetaSUB_CSD16_BCN_023_2.jf
data/kmer_counts/CAMDA20_MetaSUB_CSD16_BCN_005_1.jf
data/kmer_counts/CAMDA20_MetaSUB_CSD16_BCN_024_1.jf
data/kmer_counts/CAMDA20_MetaSUB_CSD16_BCN_005_2.jf
data/kmer_counts/CAMDA20_MetaSUB_CSD16_BCN_024_2.jf
data/kmer_counts/CAMDA20_MetaSUB_CSD16_BCN_006_1.jf
data/kmer_counts/CAMDA20_MetaSUB_CSD16_BCN_025_1.jf
data/kmer_counts/CAMDA20_MetaSUB_CSD16_BCN_006_2.jf
data/kmer_counts/CAMDA20_MetaSUB_CSD16_BCN_025_2.jf
data/kmer_counts/CAMDA20_MetaSUB_CSD16_BCN_007_1.jf
data/kmer_counts/CAMDA20_MetaSUB_CSD16_BCN_026_1.jf
data/kmer_counts/CAMDA20_MetaSUB_CSD16_BCN_007_2.jf
data/kmer_counts/CAMDA20_MetaSUB_CSD16_BCN_026_2.jf
data/kmer_counts/CAMDA20_MetaSUB_CSD16_BCN_008_1.jf
data/kmer_counts/CAMDA20_MetaSUB_CSD16_BCN_027_1.jf
data/kmer_counts/CAMDA20_MetaSUB_CSD16_BCN_008_2.jf
data/kmer_counts/CAMDA20_MetaSUB_CSD16_BCN_027_2.jf
data/kmer_counts/CAMDA20_MetaSUB_CSD16_BCN_009_1.jf
data/kmer_counts/CAMDA20_MetaSUB_CSD16_BCN_028_1.jf
data/kmer_counts/CAMDA20_MetaSUB_CSD16_BCN_009_2.jf
data/kmer_counts/CAMDA20_MetaSUB_CSD16_BCN_028_2.jf
data/kmer_counts/CAMDA20_MetaSUB_CSD16_BCN_010_1.jf
data/kmer_counts/CAMDA20_MetaSUB_CSD16_BCN_029_1.jf
data/kmer_counts/CAMDA20_MetaSUB_CSD16_BCN_010_2.jf
data/kmer_counts/CAMDA20_MetaSUB_CSD16_BCN_029_2.jf
data/kmer_counts/CAMDA20_MetaSUB_CSD16_BCN_011_1.jf
data/kmer_counts/CAMDA20_MetaSUB_CSD16_BCN_030_1.jf
data/kmer_counts/CAMDA20_MetaSUB_CSD16_BCN_011_2.jf
data/kmer_counts/CAMDA20_MetaSUB_CSD16_BCN_030_2.jf
data/kmer_counts/CAMDA20_MetaSUB_CSD16_BCN_012_1.jf
data/kmer_counts/CAMDA20_MetaSUB_CSD16_BCN_031_1.jf
data/kmer_counts/CAMDA20_MetaSUB_CSD16_BCN_012_2.jf
data/kmer_counts/CAMDA20_MetaSUB_CSD16_BCN_031_2.jf
data/kmer_counts/CAMDA20_MetaSUB_CSD16_BCN_013_1.jf
data/kmer_counts/CAMDA20_MetaSUB_CSD16_BCN_032_1.jf
data/kmer_counts/CAMDA20_MetaSUB_CSD16_BCN_013_2.jf
data/kmer_counts/CAMDA20_MetaSUB_CSD16_BCN_032_2.jf
data/kmer_counts/CAMDA20_MetaSUB_CSD16_BCN_014_1.jf
data/kmer_counts/CAMDA20_MetaSUB_CSD16_BCN_033_1.jf
data/kmer_counts/CAMDA20_MetaSUB_CSD16_BCN_014_2.jf
data/kmer_counts/CAMDA20_MetaSUB_CSD16_BCN_033_2.jf
data/kmer_counts/CAMDA20_MetaSUB_CSD16_BCN_015_1.jf
data/kmer_counts/CAMDA20_MetaSUB_CSD16_BCN_034_1.jf
data/kmer_counts/CAMDA20_MetaSUB_CSD16_BCN_015_2.jf
data/kmer_counts/CAMDA20_MetaSUB_CSD16_BCN_034_2.jf
data/kmer_counts/CAMDA20_MetaSUB_CSD16_BCN_016_1.jf
data/kmer_counts/CAMDA20_MetaSUB_CSD16_BCN_035_1.jf
data/kmer_counts/CAMDA20_MetaSUB_CSD16_BCN_016_2.jf
data/kmer_counts/CAMDA20_MetaSUB_CSD16_BCN_035_2.jf
data/kmer_counts/CAMDA20_MetaSUB_CSD16_BCN_017_1.jf
data/kmer_counts/CAMDA20_MetaSUB_CSD16_BCN_036_1.jf
data/kmer_counts/CAMDA20_MetaSUB_CSD16_BCN_017_2.jf
data/kmer_counts/CAMDA20_MetaSUB_CSD16_BCN_036_2.jf
data/kmer_counts/CAMDA20_MetaSUB_CSD16_BCN_018_1.jf
data/kmer_counts/CAMDA20_MetaSUB_CSD16_BCN_037_1.jf
data/kmer_counts/CAMDA20_MetaSUB_CSD16_BCN_018_2.jf
data/kmer_counts/CAMDA20_MetaSUB_CSD16_BCN_037_2.jf
data/kmer_counts/CAMDA20_MetaSUB_CSD16_BCN_019_1.jf
data/kmer_counts/CAMDA20_MetaSUB_CSD16_BCN_038_1.jf
data/kmer_counts/CAMDA20_MetaSUB_CSD16_BCN_019_2.jf
data/kmer_counts/CAMDA20_MetaSUB_CSD16_BCN_038_2.jf
data/kmer_counts/CAMDA20_MetaSUB_CSD16_BER_014_1.jf
data/kmer_counts/CAMDA20_MetaSUB_CSD16_BER_028_1.jf
data/kmer_counts/CAMDA20_MetaSUB_CSD16_BER_014_2.jf
data/kmer_counts/CAMDA20_MetaSUB_CSD16_BER_028_2.jf
data/kmer_counts/CAMDA20_MetaSUB_CSD16_BER_001_1.jf
data/kmer_counts/CAMDA20_MetaSUB_CSD16_BER_015_1.jf
data/kmer_counts/CAMDA20_MetaSUB_CSD16_BER_029_1.jf
data/kmer_counts/CAMDA20_MetaSUB_CSD16_BER_001_2.jf
data/kmer_counts/CAMDA20_MetaSUB_CSD16_BER_015_2.jf
data/kmer_counts/CAMDA20_MetaSUB_CSD16_BER_029_2.jf
data/kmer_counts/CAMDA20_MetaSUB_CSD16_BER_002_1.jf
data/kmer_counts/CAMDA20_MetaSUB_CSD16_BER_016_1.jf
data/kmer_counts/CAMDA20_MetaSUB_CSD16_BER_030_1.jf
data/kmer_counts/CAMDA20_MetaSUB_CSD16_BER_002_2.jf
data/kmer_counts/CAMDA20_MetaSUB_CSD16_BER_016_2.jf
data/kmer_counts/CAMDA20_MetaSUB_CSD16_BER_030_2.jf
data/kmer_counts/CAMDA20_MetaSUB_CSD16_BER_003_1.jf
data/kmer_counts/CAMDA20_MetaSUB_CSD16_BER_017_1.jf
data/kmer_counts/CAMDA20_MetaSUB_CSD16_BER_031_1.jf
data/kmer_counts/CAMDA20_MetaSUB_CSD16_BER_003_2.jf
data/kmer_counts/CAMDA20_MetaSUB_CSD16_BER_017_2.jf
data/kmer_counts/CAMDA20_MetaSUB_CSD16_BER_031_2.jf
data/kmer_counts/CAMDA20_MetaSUB_CSD16_BER_004_1.jf
data/kmer_counts/CAMDA20_MetaSUB_CSD16_BER_018_1.jf
data/kmer_counts/CAMDA20_MetaSUB_CSD16_BER_032_1.jf
data/kmer_counts/CAMDA20_MetaSUB_CSD16_BER_004_2.jf
data/kmer_counts/CAMDA20_MetaSUB_CSD16_BER_018_2.jf
data/kmer_counts/CAMDA20_MetaSUB_CSD16_BER_032_2.jf
data/kmer_counts/CAMDA20_MetaSUB_CSD16_BER_005_1.jf
data/kmer_counts/CAMDA20_MetaSUB_CSD16_BER_019_1.jf
data/kmer_counts/CAMDA20_MetaSUB_CSD16_BER_033_1.jf
data/kmer_counts/CAMDA20_MetaSUB_CSD16_BER_005_2.jf
data/kmer_counts/CAMDA20_MetaSUB_CSD16_BER_019_2.jf
data/kmer_counts/CAMDA20_MetaSUB_CSD16_BER_033_2.jf
data/kmer_counts/CAMDA20_MetaSUB_CSD16_BER_006_1.jf
data/kmer_counts/CAMDA20_MetaSUB_CSD16_BER_020_1.jf
data/kmer_counts/CAMDA20_MetaSUB_CSD16_BER_034_1.jf
data/kmer_counts/CAMDA20_MetaSUB_CSD16_BER_006_2.jf
data/kmer_counts/CAMDA20_MetaSUB_CSD16_BER_020_2.jf
data/kmer_counts/CAMDA20_MetaSUB_CSD16_BER_034_2.jf
data/kmer_counts/CAMDA20_MetaSUB_CSD16_BER_007_1.jf
data/kmer_counts/CAMDA20_MetaSUB_CSD16_BER_021_1.jf
data/kmer_counts/CAMDA20_MetaSUB_CSD16_BER_035_1.jf
data/kmer_counts/CAMDA20_MetaSUB_CSD16_BER_007_2.jf
data/kmer_counts/CAMDA20_MetaSUB_CSD16_BER_021_2.jf
data/kmer_counts/CAMDA20_MetaSUB_CSD16_BER_035_2.jf
data/kmer_counts/CAMDA20_MetaSUB_CSD16_BER_008_1.jf
data/kmer_counts/CAMDA20_MetaSUB_CSD16_BER_022_1.jf
data/kmer_counts/CAMDA20_MetaSUB_CSD16_BER_036_1.jf
data/kmer_counts/CAMDA20_MetaSUB_CSD16_BER_008_2.jf
data/kmer_counts/CAMDA20_MetaSUB_CSD16_BER_022_2.jf
data/kmer_counts/CAMDA20_MetaSUB_CSD16_BER_036_2.jf
data/kmer_counts/CAMDA20_MetaSUB_CSD16_BER_009_1.jf
data/kmer_counts/CAMDA20_MetaSUB_CSD16_BER_023_1.jf
data/kmer_counts/CAMDA20_MetaSUB_CSD16_BER_037_1.jf
data/kmer_counts/CAMDA20_MetaSUB_CSD16_BER_009_2.jf
data/kmer_counts/CAMDA20_MetaSUB_CSD16_BER_023_2.jf
data/kmer_counts/CAMDA20_MetaSUB_CSD16_BER_037_2.jf
data/kmer_counts/CAMDA20_MetaSUB_CSD16_BER_010_1.jf
data/kmer_counts/CAMDA20_MetaSUB_CSD16_BER_024_1.jf
data/kmer_counts/CAMDA20_MetaSUB_CSD16_BER_038_1.jf
data/kmer_counts/CAMDA20_MetaSUB_CSD16_BER_010_2.jf
data/kmer_counts/CAMDA20_MetaSUB_CSD16_BER_024_2.jf
data/kmer_counts/CAMDA20_MetaSUB_CSD16_BER_038_2.jf
data/kmer_counts/CAMDA20_MetaSUB_CSD16_BER_011_1.jf
data/kmer_counts/CAMDA20_MetaSUB_CSD16_BER_025_1.jf
data/kmer_counts/CAMDA20_MetaSUB_CSD16_BER_039_1.jf
data/kmer_counts/CAMDA20_MetaSUB_CSD16_BER_011_2.jf
data/kmer_counts/CAMDA20_MetaSUB_CSD16_BER_025_2.jf
data/kmer_counts/CAMDA20_MetaSUB_CSD16_BER_039_2.jf
data/kmer_counts/CAMDA20_MetaSUB_CSD16_BER_012_1.jf
data/kmer_counts/CAMDA20_MetaSUB_CSD16_BER_026_1.jf
data/kmer_counts/CAMDA20_MetaSUB_CSD16_BER_040_1.jf
data/kmer_counts/CAMDA20_MetaSUB_CSD16_BER_012_2.jf
data/kmer_counts/CAMDA20_MetaSUB_CSD16_BER_026_2.jf
data/kmer_counts/CAMDA20_MetaSUB_CSD16_BER_040_2.jf
data/kmer_counts/CAMDA20_MetaSUB_CSD16_BER_013_1.jf
data/kmer_counts/CAMDA20_MetaSUB_CSD16_BER_027_1.jf
data/kmer_counts/CAMDA20_MetaSUB_CSD16_BER_041_1.jf
data/kmer_counts/CAMDA20_MetaSUB_CSD16_BER_013_2.jf
data/kmer_counts/CAMDA20_MetaSUB_CSD16_BER_027_2.jf
data/kmer_counts/CAMDA20_MetaSUB_CSD16_BER_041_2.jf
data/camda/CAMDA20_MetaSUB_CSD16_BCN_001_1.fastq
data/camda/CAMDA20_MetaSUB_CSD16_BCN_020_1.fastq
data/camda/CAMDA20_MetaSUB_CSD16_BCN_001_2.fastq
data/camda/CAMDA20_MetaSUB_CSD16_BCN_020_2.fastq
data/camda/CAMDA20_MetaSUB_CSD16_BCN_002_1.fastq
data/camda/CAMDA20_MetaSUB_CSD16_BCN_021_1.fastq
data/camda/CAMDA20_MetaSUB_CSD16_BCN_002_2.fastq
data/camda/CAMDA20_MetaSUB_CSD16_BCN_021_2.fastq
data/camda/CAMDA20_MetaSUB_CSD16_BCN_003_1.fastq
data/camda/CAMDA20_MetaSUB_CSD16_BCN_022_1.fastq
data/camda/CAMDA20_MetaSUB_CSD16_BCN_003_2.fastq
data/camda/CAMDA20_MetaSUB_CSD16_BCN_022_2.fastq
data/camda/CAMDA20_MetaSUB_CSD16_BCN_004_1.fastq
data/camda/CAMDA20_MetaSUB_CSD16_BCN_023_1.fastq
data/camda/CAMDA20_MetaSUB_CSD16_BCN_004_2.fastq
data/camda/CAMDA20_MetaSUB_CSD16_BCN_023_2.fastq
data/camda/CAMDA20_MetaSUB_CSD16_BCN_005_1.fastq
data/camda/CAMDA20_MetaSUB_CSD16_BCN_024_1.fastq
data/camda/CAMDA20_MetaSUB_CSD16_BCN_005_2.fastq
data/camda/CAMDA20_MetaSUB_CSD16_BCN_024_2.fastq
data/camda/CAMDA20_MetaSUB_CSD16_BCN_006_1.fastq
data/camda/CAMDA20_MetaSUB_CSD16_BCN_025_1.fastq
data/camda/CAMDA20_MetaSUB_CSD16_BCN_006_2.fastq
data/camda/CAMDA20_MetaSUB_CSD16_BCN_025_2.fastq
data/camda/CAMDA20_MetaSUB_CSD16_BCN_007_1.fastq
data/camda/CAMDA20_MetaSUB_CSD16_BCN_026_1.fastq
data/camda/CAMDA20_MetaSUB_CSD16_BCN_007_2.fastq
data/camda/CAMDA20_MetaSUB_CSD16_BCN_026_2.fastq
data/camda/CAMDA20_MetaSUB_CSD16_BCN_008_1.fastq
data/camda/CAMDA20_MetaSUB_CSD16_BCN_027_1.fastq
data/camda/CAMDA20_MetaSUB_CSD16_BCN_008_2.fastq
data/camda/CAMDA20_MetaSUB_CSD16_BCN_027_2.fastq
data/camda/CAMDA20_MetaSUB_CSD16_BCN_009_1.fastq
data/camda/CAMDA20_MetaSUB_CSD16_BCN_028_1.fastq
data/camda/CAMDA20_MetaSUB_CSD16_BCN_009_2.fastq
data/camda/CAMDA20_MetaSUB_CSD16_BCN_028_2.fastq
data/camda/CAMDA20_MetaSUB_CSD16_BCN_010_1.fastq
data/camda/CAMDA20_MetaSUB_CSD16_BCN_029_1.fastq
data/camda/CAMDA20_MetaSUB_CSD16_BCN_010_2.fastq
data/camda/CAMDA20_MetaSUB_CSD16_BCN_029_2.fastq
data/camda/CAMDA20_MetaSUB_CSD16_BCN_011_1.fastq
data/camda/CAMDA20_MetaSUB_CSD16_BCN_030_1.fastq
data/camda/CAMDA20_MetaSUB_CSD16_BCN_011_2.fastq
data/camda/CAMDA20_MetaSUB_CSD16_BCN_030_2.fastq
data/camda/CAMDA20_MetaSUB_CSD16_BCN_012_1.fastq
data/camda/CAMDA20_MetaSUB_CSD16_BCN_031_1.fastq
data/camda/CAMDA20_MetaSUB_CSD16_BCN_012_2.fastq
data/camda/CAMDA20_MetaSUB_CSD16_BCN_031_2.fastq
data/camda/CAMDA20_MetaSUB_CSD16_BCN_013_1.fastq
data/camda/CAMDA20_MetaSUB_CSD16_BCN_032_1.fastq
data/camda/CAMDA20_MetaSUB_CSD16_BCN_013_2.fastq
data/camda/CAMDA20_MetaSUB_CSD16_BCN_032_2.fastq
data/camda/CAMDA20_MetaSUB_CSD16_BCN_014_1.fastq
data/camda/CAMDA20_MetaSUB_CSD16_BCN_033_1.fastq
data/camda/CAMDA20_MetaSUB_CSD16_BCN_014_2.fastq
data/camda/CAMDA20_MetaSUB_CSD16_BCN_033_2.fastq
data/camda/CAMDA20_MetaSUB_CSD16_BCN_015_1.fastq
data/camda/CAMDA20_MetaSUB_CSD16_BCN_034_1.fastq
data/camda/CAMDA20_MetaSUB_CSD16_BCN_015_2.fastq
data/camda/CAMDA20_MetaSUB_CSD16_BCN_034_2.fastq
data/camda/CAMDA20_MetaSUB_CSD16_BCN_016_1.fastq
data/camda/CAMDA20_MetaSUB_CSD16_BCN_035_1.fastq
data/camda/CAMDA20_MetaSUB_CSD16_BCN_016_2.fastq
data/camda/CAMDA20_MetaSUB_CSD16_BCN_035_2.fastq
data/camda/CAMDA20_MetaSUB_CSD16_BCN_017_1.fastq
data/camda/CAMDA20_MetaSUB_CSD16_BCN_036_1.fastq
data/camda/CAMDA20_MetaSUB_CSD16_BCN_017_2.fastq
data/camda/CAMDA20_MetaSUB_CSD16_BCN_036_2.fastq
data/camda/CAMDA20_MetaSUB_CSD16_BCN_018_1.fastq
data/camda/CAMDA20_MetaSUB_CSD16_BCN_037_1.fastq
data/camda/CAMDA20_MetaSUB_CSD16_BCN_018_2.fastq
data/camda/CAMDA20_MetaSUB_CSD16_BCN_037_2.fastq
data/camda/CAMDA20_MetaSUB_CSD16_BCN_019_1.fastq
data/camda/CAMDA20_MetaSUB_CSD16_BCN_038_1.fastq
data/camda/CAMDA20_MetaSUB_CSD16_BCN_019_2.fastq
data/camda/CAMDA20_MetaSUB_CSD16_BCN_038_2.fastq
data/camda/CAMDA20_MetaSUB_CSD16_BER_014_1.fastq
data/camda/CAMDA20_MetaSUB_CSD16_BER_028_1.fastq
data/camda/CAMDA20_MetaSUB_CSD16_BER_014_2.fastq
data/camda/CAMDA20_MetaSUB_CSD16_BER_028_2.fastq
data/camda/CAMDA20_MetaSUB_CSD16_BER_001_1.fastq
data/camda/CAMDA20_MetaSUB_CSD16_BER_015_1.fastq
data/camda/CAMDA20_MetaSUB_CSD16_BER_029_1.fastq
data/camda/CAMDA20_MetaSUB_CSD16_BER_001_2.fastq
data/camda/CAMDA20_MetaSUB_CSD16_BER_015_2.fastq
data/camda/CAMDA20_MetaSUB_CSD16_BER_029_2.fastq
data/camda/CAMDA20_MetaSUB_CSD16_BER_002_1.fastq
data/camda/CAMDA20_MetaSUB_CSD16_BER_016_1.fastq
data/camda/CAMDA20_MetaSUB_CSD16_BER_030_1.fastq
data/camda/CAMDA20_MetaSUB_CSD16_BER_002_2.fastq
data/camda/CAMDA20_MetaSUB_CSD16_BER_016_2.fastq
data/camda/CAMDA20_MetaSUB_CSD16_BER_030_2.fastq
data/camda/CAMDA20_MetaSUB_CSD16_BER_003_1.fastq
data/camda/CAMDA20_MetaSUB_CSD16_BER_017_1.fastq
data/camda/CAMDA20_MetaSUB_CSD16_BER_031_1.fastq
data/camda/CAMDA20_MetaSUB_CSD16_BER_003_2.fastq
data/camda/CAMDA20_MetaSUB_CSD16_BER_017_2.fastq
data/camda/CAMDA20_MetaSUB_CSD16_BER_031_2.fastq
data/camda/CAMDA20_MetaSUB_CSD16_BER_004_1.fastq
data/camda/CAMDA20_MetaSUB_CSD16_BER_018_1.fastq
data/camda/CAMDA20_MetaSUB_CSD16_BER_032_1.fastq
data/camda/CAMDA20_MetaSUB_CSD16_BER_004_2.fastq
data/camda/CAMDA20_MetaSUB_CSD16_BER_018_2.fastq
data/camda/CAMDA20_MetaSUB_CSD16_BER_032_2.fastq
data/camda/CAMDA20_MetaSUB_CSD16_BER_005_1.fastq
data/camda/CAMDA20_MetaSUB_CSD16_BER_019_1.fastq
data/camda/CAMDA20_MetaSUB_CSD16_BER_033_1.fastq
data/camda/CAMDA20_MetaSUB_CSD16_BER_005_2.fastq
data/camda/CAMDA20_MetaSUB_CSD16_BER_019_2.fastq
data/camda/CAMDA20_MetaSUB_CSD16_BER_033_2.fastq
data/camda/CAMDA20_MetaSUB_CSD16_BER_006_1.fastq
data/camda/CAMDA20_MetaSUB_CSD16_BER_020_1.fastq
data/camda/CAMDA20_MetaSUB_CSD16_BER_034_1.fastq
data/camda/CAMDA20_MetaSUB_CSD16_BER_006_2.fastq
data/camda/CAMDA20_MetaSUB_CSD16_BER_020_2.fastq
data/camda/CAMDA20_MetaSUB_CSD16_BER_034_2.fastq
data/camda/CAMDA20_MetaSUB_CSD16_BER_007_1.fastq
data/camda/CAMDA20_MetaSUB_CSD16_BER_021_1.fastq
data/camda/CAMDA20_MetaSUB_CSD16_BER_035_1.fastq
data/camda/CAMDA20_MetaSUB_CSD16_BER_007_2.fastq
data/camda/CAMDA20_MetaSUB_CSD16_BER_021_2.fastq
data/camda/CAMDA20_MetaSUB_CSD16_BER_035_2.fastq
data/camda/CAMDA20_MetaSUB_CSD16_BER_008_1.fastq
data/camda/CAMDA20_MetaSUB_CSD16_BER_022_1.fastq
data/camda/CAMDA20_MetaSUB_CSD16_BER_036_1.fastq
data/camda/CAMDA20_MetaSUB_CSD16_BER_008_2.fastq
data/camda/CAMDA20_MetaSUB_CSD16_BER_022_2.fastq
data/camda/CAMDA20_MetaSUB_CSD16_BER_036_2.fastq
data/camda/CAMDA20_MetaSUB_CSD16_BER_009_1.fastq
data/camda/CAMDA20_MetaSUB_CSD16_BER_023_1.fastq
data/camda/CAMDA20_MetaSUB_CSD16_BER_037_1.fastq
data/camda/CAMDA20_MetaSUB_CSD16_BER_009_2.fastq
data/camda/CAMDA20_MetaSUB_CSD16_BER_023_2.fastq
data/camda/CAMDA20_MetaSUB_CSD16_BER_037_2.fastq
data/camda/CAMDA20_MetaSUB_CSD16_BER_010_1.fastq
data/camda/CAMDA20_MetaSUB_CSD16_BER_024_1.fastq
data/camda/CAMDA20_MetaSUB_CSD16_BER_038_1.fastq
data/camda/CAMDA20_MetaSUB_CSD16_BER_010_2.fastq
data/camda/CAMDA20_MetaSUB_CSD16_BER_024_2.fastq
data/camda/CAMDA20_MetaSUB_CSD16_BER_038_2.fastq
data/camda/CAMDA20_MetaSUB_CSD16_BER_011_1.fastq
data/camda/CAMDA20_MetaSUB_CSD16_BER_025_1.fastq
data/camda/CAMDA20_MetaSUB_CSD16_BER_039_1.fastq
data/camda/CAMDA20_MetaSUB_CSD16_BER_011_2.fastq
data/camda/CAMDA20_MetaSUB_CSD16_BER_025_2.fastq
data/camda/CAMDA20_MetaSUB_CSD16_BER_039_2.fastq
data/camda/CAMDA20_MetaSUB_CSD16_BER_012_1.fastq
data/camda/CAMDA20_MetaSUB_CSD16_BER_026_1.fastq
data/camda/CAMDA20_MetaSUB_CSD16_BER_040_1.fastq
data/camda/CAMDA20_MetaSUB_CSD16_BER_012_2.fastq
data/camda/CAMDA20_MetaSUB_CSD16_BER_026_2.fastq
data/camda/CAMDA20_MetaSUB_CSD16_BER_040_2.fastq
data/camda/CAMDA20_MetaSUB_CSD16_BER_013_1.fastq
data/camda/CAMDA20_MetaSUB_CSD16_BER_027_1.fastq
data/camda/CAMDA20_MetaSUB_CSD16_BER_041_1.fastq
data/camda/CAMDA20_MetaSUB_CSD16_BER_013_2.fastq
data/camda/CAMDA20_MetaSUB_CSD16_BER_027_2.fastq
data/camda/CAMDA20_MetaSUB_CSD16_BER_041_2.fastq
